webtyp.com/escape v0.1.0 h1:LvAiviOM15TUiJBUK4CO7TLp3oAQ+GoKunaVTVKsklA=
webtyp.com/escape v0.1.0/go.mod h1:77ZTqob2u8NA2FUu723FzajXwcTk4ddlWWLXtKyOfO4=
webtyp.com/fetch v0.1.29 h1:BC47L9IHjs3/ZghpoFRtjBfzDFtKA53464z228Gt/Ts=
webtyp.com/fetch v0.1.29/go.mod h1:vyqENpBzRHNJOsJVrTYXEGApywiNCnJYwiqtBQ8nivQ=
webtyp.com/filepath v0.1.0 h1:1bkd62WxcHbhud2JaEl+l1udhTgOIYlDbEtcEMru8eQ=
webtyp.com/filepath v0.1.0/go.mod h1:xwgvCdxWly3B35IUgYt0RaI4LFpHmR7W9cCm+P4cQ7E=
webtyp.com/fmt v1.0.0 h1:W0vMMGC6ezg1q2LarAEaVnNvZ26hVqzZdQQH1wcNogM=
webtyp.com/fmt v1.0.0/go.mod h1:FmTxx713R45J21kbH5JOmKGaaCap3fJPA9Yl2n4Ch7U=
webtyp.com/json v0.5.29 h1:6+xcKm8Vz6Idrj51/5qadJRMbH0gldUe/DnuueAzIbE=
webtyp.com/json v0.5.29/go.mod h1:SrPAF5eadQeUVdnBX4wfi4gvztvaTBAO1y8AuHedOSw=
webtyp.com/model v0.2.2 h1:9+yUcKgnbZombAmnXsKXdCWXWNq5ZgdKDFJj0V102g8=
webtyp.com/model v0.2.2/go.mod h1:OkyYeE3GOG8eAQGhd9wVsORAhr+xYj3q8avpoGXG25c=
webtyp.com/router v0.4.1 h1:0u5bsW2pTivOShZf+h2Jabl/IhQq8F/Je9Xci5A/LNs=
webtyp.com/router v0.4.1/go.mod h1:UtaMNSYe1kmDmrx0bGG0sOj59AxNXy6EOesRMXWWE20=
